// !$*UTF8*$!
{
	archiveVersion = 1;
	classes = {
	};
	objectVersion = 46;
	objects = {

/* Begin PBXBuildFile section */
		6AF54F911C844BEB007A5E35 /* main.m in Sources */ = {isa = PBXBuildFile; fileRef = 6AF54F901C844BEB007A5E35 /* main.m */; };
		6AF54F941C844BEB007A5E35 /* AppDelegate.m in Sources */ = {isa = PBXBuildFile; fileRef = 6AF54F931C844BEB007A5E35 /* AppDelegate.m */; };
		6AF54F9A1C844BEB007A5E35 /* Main.storyboard in Resources */ = {isa = PBXBuildFile; fileRef = 6AF54F981C844BEB007A5E35 /* Main.storyboard */; };
		6AF54F9C1C844BEB007A5E35 /* Assets.xcassets in Resources */ = {isa = PBXBuildFile; fileRef = 6AF54F9B1C844BEB007A5E35 /* Assets.xcassets */; };
		6AF54F9F1C844BEB007A5E35 /* LaunchScreen.storyboard in Resources */ = {isa = PBXBuildFile; fileRef = 6AF54F9D1C844BEB007A5E35 /* LaunchScreen.storyboard */; };
		6AF54FAA1C844BEB007A5E35 /* PlacesTests.m in Sources */ = {isa = PBXBuildFile; fileRef = 6AF54FA91C844BEB007A5E35 /* PlacesTests.m */; };
		6AF54FB51C844BEB007A5E35 /* PlacesUITests.m in Sources */ = {isa = PBXBuildFile; fileRef = 6AF54FB41C844BEB007A5E35 /* PlacesUITests.m */; };
		6AF54FD41C844C15007A5E35 /* atm.png in Resources */ = {isa = PBXBuildFile; fileRef = 6AF54FC31C844C15007A5E35 /* atm.png */; };
		6AF54FD51C844C15007A5E35 /* background.png in Resources */ = {isa = PBXBuildFile; fileRef = 6AF54FC41C844C15007A5E35 /* background.png */; };
		6AF54FD61C844C15007A5E35 /* backgroundDashBorad.png in Resources */ = {isa = PBXBuildFile; fileRef = 6AF54FC51C844C15007A5E35 /* backgroundDashBorad.png */; };
		6AF54FD71C844C15007A5E35 /* bank.png in Resources */ = {isa = PBXBuildFile; fileRef = 6AF54FC61C844C15007A5E35 /* bank.png */; };
		6AF54FD81C844C15007A5E35 /* firebrigade.png in Resources */ = {isa = PBXBuildFile; fileRef = 6AF54FC71C844C15007A5E35 /* firebrigade.png */; };
		6AF54FD91C844C15007A5E35 /* gym.png in Resources */ = {isa = PBXBuildFile; fileRef = 6AF54FC81C844C15007A5E35 /* gym.png */; };
		6AF54FDA1C844C15007A5E35 /* harwareStore.png in Resources */ = {isa = PBXBuildFile; fileRef = 6AF54FC91C844C15007A5E35 /* harwareStore.png */; };
		6AF54FDB1C844C15007A5E35 /* hospital.png in Resources */ = {isa = PBXBuildFile; fileRef = 6AF54FCA1C844C15007A5E35 /* hospital.png */; };
		6AF54FDC1C844C15007A5E35 /* logo.png in Resources */ = {isa = PBXBuildFile; fileRef = 6AF54FCB1C844C15007A5E35 /* logo.png */; };
		6AF54FDD1C844C15007A5E35 /* my.png in Resources */ = {isa = PBXBuildFile; fileRef = 6AF54FCC1C844C15007A5E35 /* my.png */; };
		6AF54FDE1C844C15007A5E35 /* petrolpump.png in Resources */ = {isa = PBXBuildFile; fileRef = 6AF54FCD1C844C15007A5E35 /* petrolpump.png */; };
		6AF54FDF1C844C15007A5E35 /* placesPin.png in Resources */ = {isa = PBXBuildFile; fileRef = 6AF54FCE1C844C15007A5E35 /* placesPin.png */; };
		6AF54FE01C844C15007A5E35 /* police.png in Resources */ = {isa = PBXBuildFile; fileRef = 6AF54FCF1C844C15007A5E35 /* police.png */; };
		6AF54FE11C844C15007A5E35 /* resturant.png in Resources */ = {isa = PBXBuildFile; fileRef = 6AF54FD01C844C15007A5E35 /* resturant.png */; };
		6AF54FE21C844C15007A5E35 /* title.png in Resources */ = {isa = PBXBuildFile; fileRef = 6AF54FD11C844C15007A5E35 /* title.png */; };
		6AF54FE31C844C15007A5E35 /* trainStation.png in Resources */ = {isa = PBXBuildFile; fileRef = 6AF54FD21C844C15007A5E35 /* trainStation.png */; };
		6AF54FE41C844C15007A5E35 /* travelAgency.png in Resources */ = {isa = PBXBuildFile; fileRef = 6AF54FD31C844C15007A5E35 /* travelAgency.png */; };
		6AF54FEA1C844C4F007A5E35 /* Helper.m in Sources */ = {isa = PBXBuildFile; fileRef = 6AF54FE71C844C4F007A5E35 /* Helper.m */; };
		6AF54FEB1C844C4F007A5E35 /* Location.m in Sources */ = {isa = PBXBuildFile; fileRef = 6AF54FE91C844C4F007A5E35 /* Location.m */; };
		6AF54FF61C844CE8007A5E35 /* DashBoard.m in Sources */ = {isa = PBXBuildFile; fileRef = 6AF54FF51C844CE8007A5E35 /* DashBoard.m */; };
		6AF54FFB1C844E4B007A5E35 /* ViewController.m in Sources */ = {isa = PBXBuildFile; fileRef = 6AF54FFA1C844E4B007A5E35 /* ViewController.m */; };
		6AF54FFD1C844E6D007A5E35 /* MapKit.framework in Frameworks */ = {isa = PBXBuildFile; fileRef = 6AF54FFC1C844E6D007A5E35 /* MapKit.framework */; };
		6AF54FFF1C844E74007A5E35 /* CoreLocation.framework in Frameworks */ = {isa = PBXBuildFile; fileRef = 6AF54FFE1C844E74007A5E35 /* CoreLocation.framework */; };
/* End PBXBuildFile section */

/* Begin PBXContainerItemProxy section */
		6AF54FA61C844BEB007A5E35 /* PBXContainerItemProxy */ = {
			isa = PBXContainerItemProxy;
			containerPortal = 6AF54F841C844BEB007A5E35 /* Project object */;
			proxyType = 1;
			remoteGlobalIDString = 6AF54F8B1C844BEB007A5E35;
			remoteInfo = Places;
		};
		6AF54FB11C844BEB007A5E35 /* PBXContainerItemProxy */ = {
			isa = PBXContainerItemProxy;
			containerPortal = 6AF54F841C844BEB007A5E35 /* Project object */;
			proxyType = 1;
			remoteGlobalIDString = 6AF54F8B1C844BEB007A5E35;
			remoteInfo = Places;
		};
/* End PBXContainerItemProxy section */

/* Begin PBXFileReference section */
		6AF54F8C1C844BEB007A5E35 /* Places.app */ = {isa = PBXFileReference; explicitFileType = wrapper.application; includeInIndex = 0; path = Places.app; sourceTree = BUILT_PRODUCTS_DIR; };
		6AF54F901C844BEB007A5E35 /* main.m */ = {isa = PBXFileReference; lastKnownFileType = sourcecode.c.objc; path = main.m; sourceTree = "<group>"; };
		6AF54F921C844BEB007A5E35 /* AppDelegate.h */ = {isa = PBXFileReference; lastKnownFileType = sourcecode.c.h; path = AppDelegate.h; sourceTree = "<group>"; };
		6AF54F931C844BEB007A5E35 /* AppDelegate.m */ = {isa = PBXFileReference; lastKnownFileType = sourcecode.c.objc; path = AppDelegate.m; sourceTree = "<group>"; };
		6AF54F991C844BEB007A5E35 /* Base */ = {isa = PBXFileReference; lastKnownFileType = file.storyboard; name = Base; path = Base.lproj/Main.storyboard; sourceTree = "<group>"; };
		6AF54F9B1C844BEB007A5E35 /* Assets.xcassets */ = {isa = PBXFileReference; lastKnownFileType = folder.assetcatalog; path = Assets.xcassets; sourceTree = "<group>"; };
		6AF54F9E1C844BEB007A5E35 /* Base */ = {isa = PBXFileReference; lastKnownFileType = file.storyboard; name = Base; path = Base.lproj/LaunchScreen.storyboard; sourceTree = "<group>"; };
		6AF54FA01C844BEB007A5E35 /* Info.plist */ = {isa = PBXFileReference; lastKnownFileType = text.plist.xml; path = Info.plist; sourceTree = "<group>"; };
		6AF54FA51C844BEB007A5E35 /* PlacesTests.xctest */ = {isa = PBXFileReference; explicitFileType = wrapper.cfbundle; includeInIndex = 0; path = PlacesTests.xctest; sourceTree = BUILT_PRODUCTS_DIR; };
		6AF54FA91C844BEB007A5E35 /* PlacesTests.m */ = {isa = PBXFileReference; lastKnownFileType = sourcecode.c.objc; path = PlacesTests.m; sourceTree = "<group>"; };
		6AF54FAB1C844BEB007A5E35 /* Info.plist */ = {isa = PBXFileReference; lastKnownFileType = text.plist.xml; path = Info.plist; sourceTree = "<group>"; };
		6AF54FB01C844BEB007A5E35 /* PlacesUITests.xctest */ = {isa = PBXFileReference; explicitFileType = wrapper.cfbundle; includeInIndex = 0; path = PlacesUITests.xctest; sourceTree = BUILT_PRODUCTS_DIR; };
		6AF54FB41C844BEB007A5E35 /* PlacesUITests.m */ = {isa = PBXFileReference; lastKnownFileType = sourcecode.c.objc; path = PlacesUITests.m; sourceTree = "<group>"; };
		6AF54FB61C844BEB007A5E35 /* Info.plist */ = {isa = PBXFileReference; lastKnownFileType = text.plist.xml; path = Info.plist; sourceTree = "<group>"; };
		6AF54FC31C844C15007A5E35 /* atm.png */ = {isa = PBXFileReference; lastKnownFileType = image.png; path = atm.png; sourceTree = "<group>"; };
		6AF54FC41C844C15007A5E35 /* background.png */ = {isa = PBXFileReference; lastKnownFileType = image.png; path = background.png; sourceTree = "<group>"; };
		6AF54FC51C844C15007A5E35 /* backgroundDashBorad.png */ = {isa = PBXFileReference; lastKnownFileType = image.png; path = backgroundDashBorad.png; sourceTree = "<group>"; };
		6AF54FC61C844C15007A5E35 /* bank.png */ = {isa = PBXFileReference; lastKnownFileType = image.png; path = bank.png; sourceTree = "<group>"; };
		6AF54FC71C844C15007A5E35 /* firebrigade.png */ = {isa = PBXFileReference; lastKnownFileType = image.png; path = firebrigade.png; sourceTree = "<group>"; };
		6AF54FC81C844C15007A5E35 /* gym.png */ = {isa = PBXFileReference; lastKnownFileType = image.png; path = gym.png; sourceTree = "<group>"; };
		6AF54FC91C844C15007A5E35 /* harwareStore.png */ = {isa = PBXFileReference; lastKnownFileType = image.png; path = harwareStore.png; sourceTree = "<group>"; };
		6AF54FCA1C844C15007A5E35 /* hospital.png */ = {isa = PBXFileReference; lastKnownFileType = image.png; path = hospital.png; sourceTree = "<group>"; };
		6AF54FCB1C844C15007A5E35 /* logo.png */ = {isa = PBXFileReference; lastKnownFileType = image.png; path = logo.png; sourceTree = "<group>"; };
		6AF54FCC1C844C15007A5E35 /* my.png */ = {isa = PBXFileReference; lastKnownFileType = image.png; path = my.png; sourceTree = "<group>"; };
		6AF54FCD1C844C15007A5E35 /* petrolpump.png */ = {isa = PBXFileReference; lastKnownFileType = image.png; path = petrolpump.png; sourceTree = "<group>"; };
		6AF54FCE1C844C15007A5E35 /* placesPin.png */ = {isa = PBXFileReference; lastKnownFileType = image.png; path = placesPin.png; sourceTree = "<group>"; };
		6AF54FCF1C844C15007A5E35 /* police.png */ = {isa = PBXFileReference; lastKnownFileType = image.png; path = police.png; sourceTree = "<group>"; };
		6AF54FD01C844C15007A5E35 /* resturant.png */ = {isa = PBXFileReference; lastKnownFileType = image.png; path = resturant.png; sourceTree = "<group>"; };
		6AF54FD11C844C15007A5E35 /* title.png */ = {isa = PBXFileReference; lastKnownFileType = image.png; path = title.png; sourceTree = "<group>"; };
		6AF54FD21C844C15007A5E35 /* trainStation.png */ = {isa = PBXFileReference; lastKnownFileType = image.png; path = trainStation.png; sourceTree = "<group>"; };
		6AF54FD31C844C15007A5E35 /* travelAgency.png */ = {isa = PBXFileReference; lastKnownFileType = image.png; path = travelAgency.png; sourceTree = "<group>"; };
		6AF54FE61C844C4F007A5E35 /* Helper.h */ = {isa = PBXFileReference; fileEncoding = 4; lastKnownFileType = sourcecode.c.h; path = Helper.h; sourceTree = "<group>"; };
		6AF54FE71C844C4F007A5E35 /* Helper.m */ = {isa = PBXFileReference; fileEncoding = 4; lastKnownFileType = sourcecode.c.objc; path = Helper.m; sourceTree = "<group>"; };
		6AF54FE81C844C4F007A5E35 /* Location.h */ = {isa = PBXFileReference; fileEncoding = 4; lastKnownFileType = sourcecode.c.h; path = Location.h; sourceTree = "<group>"; };
		6AF54FE91C844C4F007A5E35 /* Location.m */ = {isa = PBXFileReference; fileEncoding = 4; lastKnownFileType = sourcecode.c.objc; path = Location.m; sourceTree = "<group>"; };
		6AF54FF41C844CE8007A5E35 /* DashBoard.h */ = {isa = PBXFileReference; fileEncoding = 4; lastKnownFileType = sourcecode.c.h; path = DashBoard.h; sourceTree = "<group>"; };
		6AF54FF51C844CE8007A5E35 /* DashBoard.m */ = {isa = PBXFileReference; fileEncoding = 4; lastKnownFileType = sourcecode.c.objc; path = DashBoard.m; sourceTree = "<group>"; };
		6AF54FF91C844E4B007A5E35 /* ViewController.h */ = {isa = PBXFileReference; fileEncoding = 4; lastKnownFileType = sourcecode.c.h; path = ViewController.h; sourceTree = "<group>"; };
		6AF54FFA1C844E4B007A5E35 /* ViewController.m */ = {isa = PBXFileReference; fileEncoding = 4; lastKnownFileType = sourcecode.c.objc; path = ViewController.m; sourceTree = "<group>"; };
		6AF54FFC1C844E6D007A5E35 /* MapKit.framework */ = {isa = PBXFileReference; lastKnownFileType = wrapper.framework; name = MapKit.framework; path = System/Library/Frameworks/MapKit.framework; sourceTree = SDKROOT; };
		6AF54FFE1C844E74007A5E35 /* CoreLocation.framework */ = {isa = PBXFileReference; lastKnownFileType = wrapper.framework; name = CoreLocation.framework; path = System/Library/Frameworks/CoreLocation.framework; sourceTree = SDKROOT; };
/* End PBXFileReference section */

/* Begin PBXFrameworksBuildPhase section */
		6AF54F891C844BEB007A5E35 /* Frameworks */ = {
			isa = PBXFrameworksBuildPhase;
			buildActionMask = 2147483647;
			files = (
				6AF54FFF1C844E74007A5E35 /* CoreLocation.framework in Frameworks */,
				6AF54FFD1C844E6D007A5E35 /* MapKit.framework in Frameworks */,
			);
			runOnlyForDeploymentPostprocessing = 0;
		};
		6AF54FA21C844BEB007A5E35 /* Frameworks */ = {
			isa = PBXFrameworksBuildPhase;
			buildActionMask = 2147483647;
			files = (
			);
			runOnlyForDeploymentPostprocessing = 0;
		};
		6AF54FAD1C844BEB007A5E35 /* Frameworks */ = {
			isa = PBXFrameworksBuildPhase;
			buildActionMask = 2147483647;
			files = (
			);
			runOnlyForDeploymentPostprocessing = 0;
		};
/* End PBXFrameworksBuildPhase section */

/* Begin PBXGroup section */
		6AF54F831C844BEB007A5E35 = {
			isa = PBXGroup;
			children = (
				6AF54FFE1C844E74007A5E35 /* CoreLocation.framework */,
				6AF54FFC1C844E6D007A5E35 /* MapKit.framework */,
				6AF54F8E1C844BEB007A5E35 /* Places */,
				6AF54FA81C844BEB007A5E35 /* PlacesTests */,
				6AF54FB31C844BEB007A5E35 /* PlacesUITests */,
				6AF54F8D1C844BEB007A5E35 /* Products */,
			);
			sourceTree = "<group>";
		};
		6AF54F8D1C844BEB007A5E35 /* Products */ = {
			isa = PBXGroup;
			children = (
				6AF54F8C1C844BEB007A5E35 /* Places.app */,
				6AF54FA51C844BEB007A5E35 /* PlacesTests.xctest */,
				6AF54FB01C844BEB007A5E35 /* PlacesUITests.xctest */,
			);
			name = Products;
			sourceTree = "<group>";
		};
		6AF54F8E1C844BEB007A5E35 /* Places */ = {
			isa = PBXGroup;
			children = (
				6AF54FE51C844C28007A5E35 /* Helper */,
				6AF54FC21C844C0B007A5E35 /* Images */,
				6AF54F921C844BEB007A5E35 /* AppDelegate.h */,
				6AF54F931C844BEB007A5E35 /* AppDelegate.m */,
				6AF54FF41C844CE8007A5E35 /* DashBoard.h */,
				6AF54FF51C844CE8007A5E35 /* DashBoard.m */,
				6AF54FF91C844E4B007A5E35 /* ViewController.h */,
				6AF54FFA1C844E4B007A5E35 /* ViewController.m */,
				6AF54F981C844BEB007A5E35 /* Main.storyboard */,
				6AF54F9B1C844BEB007A5E35 /* Assets.xcassets */,
				6AF54F9D1C844BEB007A5E35 /* LaunchScreen.storyboard */,
				6AF54FA01C844BEB007A5E35 /* Info.plist */,
				6AF54F8F1C844BEB007A5E35 /* Supporting Files */,
			);
			path = Places;
			sourceTree = "<group>";
		};
		6AF54F8F1C844BEB007A5E35 /* Supporting Files */ = {
			isa = PBXGroup;
			children = (
				6AF54F901C844BEB007A5E35 /* main.m */,
			);
			name = "Supporting Files";
			sourceTree = "<group>";
		};
		6AF54FA81C844BEB007A5E35 /* PlacesTests */ = {
			isa = PBXGroup;
			children = (
				6AF54FA91C844BEB007A5E35 /* PlacesTests.m */,
				6AF54FAB1C844BEB007A5E35 /* Info.plist */,
			);
			path = PlacesTests;
			sourceTree = "<group>";
		};
		6AF54FB31C844BEB007A5E35 /* PlacesUITests */ = {
			isa = PBXGroup;
			children = (
				6AF54FB41C844BEB007A5E35 /* PlacesUITests.m */,
				6AF54FB61C844BEB007A5E35 /* Info.plist */,
			);
			path = PlacesUITests;
			sourceTree = "<group>";
		};
		6AF54FC21C844C0B007A5E35 /* Images */ = {
			isa = PBXGroup;
			children = (
				6AF54FC31C844C15007A5E35 /* atm.png */,
				6AF54FC41C844C15007A5E35 /* background.png */,
				6AF54FC51C844C15007A5E35 /* backgroundDashBorad.png */,
				6AF54FC61C844C15007A5E35 /* bank.png */,
				6AF54FC71C844C15007A5E35 /* firebrigade.png */,
				6AF54FC81C844C15007A5E35 /* gym.png */,
				6AF54FC91C844C15007A5E35 /* harwareStore.png */,
				6AF54FCA1C844C15007A5E35 /* hospital.png */,
				6AF54FCB1C844C15007A5E35 /* logo.png */,
				6AF54FCC1C844C15007A5E35 /* my.png */,
				6AF54FCD1C844C15007A5E35 /* petrolpump.png */,
				6AF54FCE1C844C15007A5E35 /* placesPin.png */,
				6AF54FCF1C844C15007A5E35 /* police.png */,
				6AF54FD01C844C15007A5E35 /* resturant.png */,
				6AF54FD11C844C15007A5E35 /* title.png */,
				6AF54FD21C844C15007A5E35 /* trainStation.png */,
				6AF54FD31C844C15007A5E35 /* travelAgency.png */,
			);
			name = Images;
			sourceTree = "<group>";
		};
		6AF54FE51C844C28007A5E35 /* Helper */ = {
			isa = PBXGroup;
			children = (
				6AF54FE61C844C4F007A5E35 /* Helper.h */,
				6AF54FE71C844C4F007A5E35 /* Helper.m */,
				6AF54FE81C844C4F007A5E35 /* Location.h */,
				6AF54FE91C844C4F007A5E35 /* Location.m */,
			);
			name = Helper;
			sourceTree = "<group>";
		};
/* End PBXGroup section */

/* Begin PBXNativeTarget section */
		6AF54F8B1C844BEB007A5E35 /* Places */ = {
			isa = PBXNativeTarget;
			buildConfigurationList = 6AF54FB91C844BEB007A5E35 /* Build configuration list for PBXNativeTarget "Places" */;
			buildPhases = (
				6AF54F881C844BEB007A5E35 /* Sources */,
				6AF54F891C844BEB007A5E35 /* Frameworks */,
				6AF54F8A1C844BEB007A5E35 /* Resources */,
			);
			buildRules = (
			);
			dependencies = (
			);
			name = Places;
			productName = Places;
			productReference = 6AF54F8C1C844BEB007A5E35 /* Places.app */;
			productType = "com.apple.product-type.application";
		};
		6AF54FA41C844BEB007A5E35 /* PlacesTests */ = {
			isa = PBXNativeTarget;
			buildConfigurationList = 6AF54FBC1C844BEB007A5E35 /* Build configuration list for PBXNativeTarget "PlacesTests" */;
			buildPhases = (
				6AF54FA11C844BEB007A5E35 /* Sources */,
				6AF54FA21C844BEB007A5E35 /* Frameworks */,
				6AF54FA31C844BEB007A5E35 /* Resources */,
			);
			buildRules = (
			);
			dependencies = (
				6AF54FA71C844BEB007A5E35 /* PBXTargetDependency */,
			);
			name = PlacesTests;
			productName = PlacesTests;
			productReference = 6AF54FA51C844BEB007A5E35 /* PlacesTests.xctest */;
			productType = "com.apple.product-type.bundle.unit-test";
		};
		6AF54FAF1C844BEB007A5E35 /* PlacesUITests */ = {
			isa = PBXNativeTarget;
			buildConfigurationList = 6AF54FBF1C844BEB007A5E35 /* Build configuration list for PBXNativeTarget "PlacesUITests" */;
			buildPhases = (
				6AF54FAC1C844BEB007A5E35 /* Sources */,
				6AF54FAD1C844BEB007A5E35 /* Frameworks */,
				6AF54FAE1C844BEB007A5E35 /* Resources */,
			);
			buildRules = (
			);
			dependencies = (
				6AF54FB21C844BEB007A5E35 /* PBXTargetDependency */,
			);
			name = PlacesUITests;
			productName = PlacesUITests;
			productReference = 6AF54FB01C844BEB007A5E35 /* PlacesUITests.xctest */;
			productType = "com.apple.product-type.bundle.ui-testing";
		};
/* End PBXNativeTarget section */

/* Begin PBXProject section */
		6AF54F841C844BEB007A5E35 /* Project object */ = {
			isa = PBXProject;
			attributes = {
				LastUpgradeCheck = 0720;
				ORGANIZATIONNAME = Ebpearls;
				TargetAttributes = {
					6AF54F8B1C844BEB007A5E35 = {
						CreatedOnToolsVersion = 7.2;
					};
					6AF54FA41C844BEB007A5E35 = {
						CreatedOnToolsVersion = 7.2;
						TestTargetID = 6AF54F8B1C844BEB007A5E35;
					};
					6AF54FAF1C844BEB007A5E35 = {
						CreatedOnToolsVersion = 7.2;
						TestTargetID = 6AF54F8B1C844BEB007A5E35;
					};
				};
			};
			buildConfigurationList = 6AF54F871C844BEB007A5E35 /* Build configuration list for PBXProject "Places" */;
			compatibilityVersion = "Xcode 3.2";
			developmentRegion = English;
			hasScannedForEncodings = 0;
			knownRegions = (
				en,
				Base,
			);
			mainGroup = 6AF54F831C844BEB007A5E35;
			productRefGroup = 6AF54F8D1C844BEB007A5E35 /* Products */;
			projectDirPath = "";
			projectRoot = "";
			targets = (
				6AF54F8B1C844BEB007A5E35 /* Places */,
				6AF54FA41C844BEB007A5E35 /* PlacesTests */,
				6AF54FAF1C844BEB007A5E35 /* PlacesUITests */,
			);
		};
/* End PBXProject section */

/* Begin PBXResourcesBuildPhase section */
		6AF54F8A1C844BEB007A5E35 /* Resources */ = {
			isa = PBXResourcesBuildPhase;
			buildActionMask = 2147483647;
			files = (
				6AF54FE11C844C15007A5E35 /* resturant.png in Resources */,
				6AF54FDD1C844C15007A5E35 /* my.png in Resources */,
				6AF54FDA1C844C15007A5E35 /* harwareStore.png in Resources */,
				6AF54FE31C844C15007A5E35 /* trainStation.png in Resources */,
				6AF54FDB1C844C15007A5E35 /* hospital.png in Resources */,
				6AF54FD91C844C15007A5E35 /* gym.png in Resources */,
				6AF54FD71C844C15007A5E35 /* bank.png in Resources */,
				6AF54FD41C844C15007A5E35 /* atm.png in Resources */,
				6AF54FD51C844C15007A5E35 /* background.png in Resources */,
				6AF54FE21C844C15007A5E35 /* title.png in Resources */,
				6AF54F9F1C844BEB007A5E35 /* LaunchScreen.storyboard in Resources */,
				6AF54F9C1C844BEB007A5E35 /* Assets.xcassets in Resources */,
				6AF54FE01C844C15007A5E35 /* police.png in Resources */,
				6AF54FDC1C844C15007A5E35 /* logo.png in Resources */,
				6AF54FDF1C844C15007A5E35 /* placesPin.png in Resources */,
				6AF54FD61C844C15007A5E35 /* backgroundDashBorad.png in Resources */,
				6AF54FE41C844C15007A5E35 /* travelAgency.png in Resources */,
				6AF54FD81C844C15007A5E35 /* firebrigade.png in Resources */,
				6AF54F9A1C844BEB007A5E35 /* Main.storyboard in Resources */,
				6AF54FDE1C844C15007A5E35 /* petrolpump.png in Resources */,
			);
			runOnlyForDeploymentPostprocessing = 0;
		};
		6AF54FA31C844BEB007A5E35 /* Resources */ = {
			isa = PBXResourcesBuildPhase;
			buildActionMask = 2147483647;
			files = (
			);
			runOnlyForDeploymentPostprocessing = 0;
		};
		6AF54FAE1C844BEB007A5E35 /* Resources */ = {
			isa = PBXResourcesBuildPhase;
			buildActionMask = 2147483647;
			files = (
			);
			runOnlyForDeploymentPostprocessing = 0;
		};
/* End PBXResourcesBuildPhase section */

/* Begin PBXSourcesBuildPhase section */
		6AF54F881C844BEB007A5E35 /* Sources */ = {
			isa = PBXSourcesBuildPhase;
			buildActionMask = 2147483647;
			files = (
				6AF54FFB1C844E4B007A5E35 /* ViewController.m in Sources */,
				6AF54FEB1C844C4F007A5E35 /* Location.m in Sources */,
				6AF54F941C844BEB007A5E35 /* AppDelegate.m in Sources */,
				6AF54F911C844BEB007A5E35 /* main.m in Sources */,
				6AF54FF61C844CE8007A5E35 /* DashBoard.m in Sources */,
				6AF54FEA1C844C4F007A5E35 /* Helper.m in Sources */,
			);
			runOnlyForDeploymentPostprocessing = 0;
		};
		6AF54FA11C844BEB007A5E35 /* Sources */ = {
			isa = PBXSourcesBuildPhase;
			buildActionMask = 2147483647;
			files = (
				6AF54FAA1C844BEB007A5E35 /* PlacesTests.m in Sources */,
			);
			runOnlyForDeploymentPostprocessing = 0;
		};
		6AF54FAC1C844BEB007A5E35 /* Sources */ = {
			isa = PBXSourcesBuildPhase;
			buildActionMask = 2147483647;
			files = (
				6AF54FB51C844BEB007A5E35 /* PlacesUITests.m in Sources */,
			);
			runOnlyForDeploymentPostprocessing = 0;
		};
/* End PBXSourcesBuildPhase section */

/* Begin PBXTargetDependency section */
		6AF54FA71C844BEB007A5E35 /* PBXTargetDependency */ = {
			isa = PBXTargetDependency;
			target = 6AF54F8B1C844BEB007A5E35 /* Places */;
			targetProxy = 6AF54FA61C844BEB007A5E35 /* PBXContainerItemProxy */;
		};
		6AF54FB21C844BEB007A5E35 /* PBXTargetDependency */ = {
			isa = PBXTargetDependency;
			target = 6AF54F8B1C844BEB007A5E35 /* Places */;
			targetProxy = 6AF54FB11C844BEB007A5E35 /* PBXContainerItemProxy */;
		};
/* End PBXTargetDependency section */

/* Begin PBXVariantGroup section */
		6AF54F981C844BEB007A5E35 /* Main.storyboard */ = {
			isa = PBXVariantGroup;
			children = (
				6AF54F991C844BEB007A5E35 /* Base */,
			);
			name = Main.storyboard;
			sourceTree = "<group>";
		};
		6AF54F9D1C844BEB007A5E35 /* LaunchScreen.storyboard */ = {
			isa = PBXVariantGroup;
			children = (
				6AF54F9E1C844BEB007A5E35 /* Base */,
			);
			name = LaunchScreen.storyboard;
			sourceTree = "<group>";
		};
/* End PBXVariantGroup section */

/* Begin XCBuildConfiguration section */
		6AF54FB71C844BEB007A5E35 /* Debug */ = {
			isa = XCBuildConfiguration;
			buildSettings = {
				ALWAYS_SEARCH_USER_PATHS = NO;
				CLANG_CXX_LANGUAGE_STANDARD = "gnu++0x";
				CLANG_CXX_LIBRARY = "libc++";
				CLANG_ENABLE_MODULES = YES;
				CLANG_ENABLE_OBJC_ARC = YES;
				CLANG_WARN_BOOL_CONVERSION = YES;
				CLANG_WARN_CONSTANT_CONVERSION = YES;
				CLANG_WARN_DIRECT_OBJC_ISA_USAGE = YES_ERROR;
				CLANG_WARN_EMPTY_BODY = YES;
				CLANG_WARN_ENUM_CONVERSION = YES;
				CLANG_WARN_INT_CONVERSION = YES;
				CLANG_WARN_OBJC_ROOT_CLASS = YES_ERROR;
				CLANG_WARN_UNREACHABLE_CODE = YES;
				CLANG_WARN__DUPLICATE_METHOD_MATCH = YES;
				"CODE_SIGN_IDENTITY[sdk=iphoneos*]" = "iPhone Developer";
				COPY_PHASE_STRIP = NO;
				DEBUG_INFORMATION_FORMAT = dwarf;
				ENABLE_STRICT_OBJC_MSGSEND = YES;
				ENABLE_TESTABILITY = YES;
				GCC_C_LANGUAGE_STANDARD = gnu99;
				GCC_DYNAMIC_NO_PIC = NO;
				GCC_NO_COMMON_BLOCKS = YES;
				GCC_OPTIMIZATION_LEVEL = 0;
				GCC_PREPROCESSOR_DEFINITIONS = (
					"DEBUG=1",
					"$(inherited)",
				);
				GCC_WARN_64_TO_32_BIT_CONVERSION = YES;
				GCC_WARN_ABOUT_RETURN_TYPE = YES_ERROR;
				GCC_WARN_UNDECLARED_SELECTOR = YES;
				GCC_WARN_UNINITIALIZED_AUTOS = YES_AGGRESSIVE;
				GCC_WARN_UNUSED_FUNCTION = YES;
				GCC_WARN_UNUSED_VARIABLE = YES;
				IPHONEOS_DEPLOYMENT_TARGET = 9.2;
				MTL_ENABLE_DEBUG_INFO = YES;
				ONLY_ACTIVE_ARCH = YES;
				SDKROOT = iphoneos;
				TARGETED_DEVICE_FAMILY = "1,2";
			};
			name = Debug;
		};
		6AF54FB81C844BEB007A5E35 /* Release */ = {
			isa = XCBuildConfiguration;
			buildSettings = {
				ALWAYS_SEARCH_USER_PATHS = NO;
				CLANG_CXX_LANGUAGE_STANDARD = "gnu++0x";
				CLANG_CXX_LIBRARY = "libc++";
				CLANG_ENABLE_MODULES = YES;
				CLANG_ENABLE_OBJC_ARC = YES;
				CLANG_WARN_BOOL_CONVERSION = YES;
				CLANG_WARN_CONSTANT_CONVERSION = YES;
				CLANG_WARN_DIRECT_OBJC_ISA_USAGE = YES_ERROR;
				CLANG_WARN_EMPTY_BODY = YES;
				CLANG_WARN_ENUM_CONVERSION = YES;
				CLANG_WARN_INT_CONVERSION = YES;
				CLANG_WARN_OBJC_ROOT_CLASS = YES_ERROR;
				CLANG_WARN_UNREACHABLE_CODE = YES;
				CLANG_WARN__DUPLICATE_METHOD_MATCH = YES;
				"CODE_SIGN_IDENTITY[sdk=iphoneos*]" = "iPhone Developer";
				COPY_PHASE_STRIP = NO;
				DEBUG_INFORMATION_FORMAT = "dwarf-with-dsym";
				ENABLE_NS_ASSERTIONS = NO;
				ENABLE_STRICT_OBJC_MSGSEND = YES;
				GCC_C_LANGUAGE_STANDARD = gnu99;
				GCC_NO_COMMON_BLOCKS = YES;
				GCC_WARN_64_TO_32_BIT_CONVERSION = YES;
				GCC_WARN_ABOUT_RETURN_TYPE = YES_ERROR;
				GCC_WARN_UNDECLARED_SELECTOR = YES;
				GCC_WARN_UNINITIALIZED_AUTOS = YES_AGGRESSIVE;
				GCC_WARN_UNUSED_FUNCTION = YES;
				GCC_WARN_UNUSED_VARIABLE = YES;
				IPHONEOS_DEPLOYMENT_TARGET = 9.2;
				MTL_ENABLE_DEBUG_INFO = NO;
				SDKROOT = iphoneos;
				TARGETED_DEVICE_FAMILY = "1,2";
				VALIDATE_PRODUCT = YES;
			};
			name = Release;
		};
		6AF54FBA1C844BEB007A5E35 /* Debug */ = {
			isa = XCBuildConfiguration;
			buildSettings = {
				ASSETCATALOG_COMPILER_APPICON_NAME = AppIcon;
				INFOPLIST_FILE = Places/Info.plist;
				LD_RUNPATH_SEARCH_PATHS = "$(inherited) @executable_path/Frameworks";
				PRODUCT_BUNDLE_IDENTIFIER = a.ebpearls.Places;
				PRODUCT_NAME = "$(TARGET_NAME)";
			};
			name = Debug;
		};
		6AF54FBB1C844BEB007A5E35 /* Release */ = {
			isa = XCBuildConfiguration;
			buildSettings = {
				ASSETCATALOG_COMPILER_APPICON_NAME = AppIcon;
				INFOPLIST_FILE = Places/Info.plist;
				LD_RUNPATH_SEARCH_PATHS = "$(inherited) @executable_path/Frameworks";
				PRODUCT_BUNDLE_IDENTIFIER = a.ebpearls.Places;
				PRODUCT_NAME = "$(TARGET_NAME)";
			};
			name = Release;
		};
		6AF54FBD1C844BEB007A5E35 /* Debug */ = {
			isa = XCBuildConfiguration;
			buildSettings = {
				BUNDLE_LOADER = "$(TEST_HOST)";
				INFOPLIST_FILE = PlacesTests/Info.plist;
				LD_RUNPATH_SEARCH_PATHS = "$(inherited) @executable_path/Frameworks @loader_path/Frameworks";
				PRODUCT_BUNDLE_IDENTIFIER = a.ebpearls.PlacesTests;
				PRODUCT_NAME = "$(TARGET_NAME)";
				TEST_HOST = "$(BUILT_PRODUCTS_DIR)/Places.app/Places";
			};
			name = Debug;
		};
		6AF54FBE1C844BEB007A5E35 /* Release */ = {
			isa = XCBuildConfiguration;
			buildSettings = {
				BUNDLE_LOADER = "$(TEST_HOST)";
				INFOPLIST_FILE = PlacesTests/Info.plist;
				LD_RUNPATH_SEARCH_PATHS = "$(inherited) @executable_path/Frameworks @loader_path/Frameworks";
				PRODUCT_BUNDLE_IDENTIFIER = a.ebpearls.PlacesTests;
				PRODUCT_NAME = "$(TARGET_NAME)";
				TEST_HOST = "$(BUILT_PRODUCTS_DIR)/Places.app/Places";
			};
			name = Release;
		};
		6AF54FC01C844BEB007A5E35 /* Debug */ = {
			isa = XCBuildConfiguration;
			buildSettings = {
				INFOPLIST_FILE = PlacesUITests/Info.plist;
				LD_RUNPATH_SEARCH_PATHS = "$(inherited) @executable_path/Frameworks @loader_path/Frameworks";
				PRODUCT_BUNDLE_IDENTIFIER = a.ebpearls.PlacesUITests;
				PRODUCT_NAME = "$(TARGET_NAME)";
				TEST_TARGET_NAME = Places;
				USES_XCTRUNNER = YES;
			};
			name = Debug;
		};
		6AF54FC11C844BEB007A5E35 /* Release */ = {
			isa = XCBuildConfiguration;
			buildSettings = {
				INFOPLIST_FILE = PlacesUITests/Info.plist;
				LD_RUNPATH_SEARCH_PATHS = "$(inherited) @executable_path/Frameworks @loader_path/Frameworks";
				PRODUCT_BUNDLE_IDENTIFIER = a.ebpearls.PlacesUITests;
				PRODUCT_NAME = "$(TARGET_NAME)";
				TEST_TARGET_NAME = Places;
				USES_XCTRUNNER = YES;
			};
			name = Release;
		};
/* End XCBuildConfiguration section */

/* Begin XCConfigurationList section */
		6AF54F871C844BEB007A5E35 /* Build configuration list for PBXProject "Places" */ = {
			isa = XCConfigurationList;
			buildConfigurations = (
				6AF54FB71C844BEB007A5E35 /* Debug */,
				6AF54FB81C844BEB007A5E35 /* Release */,
			);
			defaultConfigurationIsVisible = 0;
			defaultConfigurationName = Release;
		};
		6AF54FB91C844BEB007A5E35 /* Build configuration list for PBXNativeTarget "Places" */ = {
			isa = XCConfigurationList;
			buildConfigurations = (
				6AF54FBA1C844BEB007A5E35 /* Debug */,
				6AF54FBB1C844BEB007A5E35 /* Release */,
			);
			defaultConfigurationIsVisible = 0;
		};
		6AF54FBC1C844BEB007A5E35 /* Build configuration list for PBXNativeTarget "PlacesTests" */ = {
			isa = XCConfigurationList;
			buildConfigurations = (
				6AF54FBD1C844BEB007A5E35 /* Debug */,
				6AF54FBE1C844BEB007A5E35 /* Release */,
			);
			defaultConfigurationIsVisible = 0;
		};
		6AF54FBF1C844BEB007A5E35 /* Build configuration list for PBXNativeTarget "PlacesUITests" */ = {
			isa = XCConfigurationList;
			buildConfigurations = (
				6AF54FC01C844BEB007A5E35 /* Debug */,
				6AF54FC11C844BEB007A5E35 /* Release */,
			);
			defaultConfigurationIsVisible = 0;
		};
/* End XCConfigurationList section */
	};
	rootObject = 6AF54F841C844BEB007A5E35 /* Project object */;
}
